{
  "name": "@tmhsdigital/tailscale-mcp",
  "version": "0.1.0",
  "lockfileVersion": 3,
  "requires": true,
  "packages": {
    "": {
      "name": "@tmhsdigital/tailscale-mcp",
      "version": "0.1.0",
      "license": "CC-BY-NC-ND-4.0",
      "bin": {
        "tailscale-mcp": "dist/index.js"
      },
      "engines": {
        "node": ">=20.0.0"
      }
    }
  }
}
